// !$*UTF8*$!
{
	archiveVersion = 1;
	classes = {
	};
	objectVersion = 46;
	objects = {

/* Begin PBXBuildFile section */
		486753461AAD838F0044C228 /* main.m in Sources */ = {isa = PBXBuildFile; fileRef = 486753451AAD838F0044C228 /* main.m */; };
		486753491AAD838F0044C228 /* AppDelegate.m in Sources */ = {isa = PBXBuildFile; fileRef = 486753481AAD838F0044C228 /* AppDelegate.m */; };
		4867534C1AAD838F0044C228 /* ViewController.m in Sources */ = {isa = PBXBuildFile; fileRef = 4867534B1AAD838F0044C228 /* ViewController.m */; };
		4867534F1AAD838F0044C228 /* Main.storyboard in Resources */ = {isa = PBXBuildFile; fileRef = 4867534D1AAD838F0044C228 /* Main.storyboard */; };
		486753511AAD838F0044C228 /* Images.xcassets in Resources */ = {isa = PBXBuildFile; fileRef = 486753501AAD838F0044C228 /* Images.xcassets */; };
		486753541AAD838F0044C228 /* LaunchScreen.xib in Resources */ = {isa = PBXBuildFile; fileRef = 486753521AAD838F0044C228 /* LaunchScreen.xib */; };
		486753601AAD838F0044C228 /* WorkingWithGithubReositryTests.m in Sources */ = {isa = PBXBuildFile; fileRef = 4867535F1AAD838F0044C228 /* WorkingWithGithubReositryTests.m */; };
		4867539C1AADAABC0044C228 /* cloud_small.png in Resources */ = {isa = PBXBuildFile; fileRef = 4867539B1AADAABC0044C228 /* cloud_small.png */; };
/* End PBXBuildFile section */

/* Begin PBXContainerItemProxy section */
		4867535A1AAD838F0044C228 /* PBXContainerItemProxy */ = {
			isa = PBXContainerItemProxy;
			containerPortal = 486753381AAD838E0044C228 /* Project object */;
			proxyType = 1;
			remoteGlobalIDString = 4867533F1AAD838E0044C228;
			remoteInfo = WorkingWithGithubReositry;
		};
/* End PBXContainerItemProxy section */

/* Begin PBXFileReference section */
		486753401AAD838F0044C228 /* WorkingWithGithubReositry.app */ = {isa = PBXFileReference; explicitFileType = wrapper.application; includeInIndex = 0; path = WorkingWithGithubReositry.app; sourceTree = BUILT_PRODUCTS_DIR; };
		486753441AAD838F0044C228 /* Info.plist */ = {isa = PBXFileReference; lastKnownFileType = text.plist.xml; path = Info.plist; sourceTree = "<group>"; };
		486753451AAD838F0044C228 /* main.m */ = {isa = PBXFileReference; lastKnownFileType = sourcecode.c.objc; path = main.m; sourceTree = "<group>"; };
		486753471AAD838F0044C228 /* AppDelegate.h */ = {isa = PBXFileReference; lastKnownFileType = sourcecode.c.h; path = AppDelegate.h; sourceTree = "<group>"; };
		486753481AAD838F0044C228 /* AppDelegate.m */ = {isa = PBXFileReference; lastKnownFileType = sourcecode.c.objc; path = AppDelegate.m; sourceTree = "<group>"; };
		4867534A1AAD838F0044C228 /* ViewController.h */ = {isa = PBXFileReference; lastKnownFileType = sourcecode.c.h; path = ViewController.h; sourceTree = "<group>"; };
		4867534B1AAD838F0044C228 /* ViewController.m */ = {isa = PBXFileReference; lastKnownFileType = sourcecode.c.objc; path = ViewController.m; sourceTree = "<group>"; };
		4867534E1AAD838F0044C228 /* Base */ = {isa = PBXFileReference; lastKnownFileType = file.storyboard; name = Base; path = Base.lproj/Main.storyboard; sourceTree = "<group>"; };
		486753501AAD838F0044C228 /* Images.xcassets */ = {isa = PBXFileReference; lastKnownFileType = folder.assetcatalog; path = Images.xcassets; sourceTree = "<group>"; };
		486753531AAD838F0044C228 /* Base */ = {isa = PBXFileReference; lastKnownFileType = file.xib; name = Base; path = Base.lproj/LaunchScreen.xib; sourceTree = "<group>"; };
		486753591AAD838F0044C228 /* WorkingWithGithubReositryTests.xctest */ = {isa = PBXFileReference; explicitFileType = wrapper.cfbundle; includeInIndex = 0; path = WorkingWithGithubReositryTests.xctest; sourceTree = BUILT_PRODUCTS_DIR; };
		4867535E1AAD838F0044C228 /* Info.plist */ = {isa = PBXFileReference; lastKnownFileType = text.plist.xml; path = Info.plist; sourceTree = "<group>"; };
		4867535F1AAD838F0044C228 /* WorkingWithGithubReositryTests.m */ = {isa = PBXFileReference; lastKnownFileType = sourcecode.c.objc; path = WorkingWithGithubReositryTests.m; sourceTree = "<group>"; };
		4867539B1AADAABC0044C228 /* cloud_small.png */ = {isa = PBXFileReference; lastKnownFileType = image.png; path = cloud_small.png; sourceTree = "<group>"; };
/* End PBXFileReference section */

/* Begin PBXFrameworksBuildPhase section */
		4867533D1AAD838E0044C228 /* Frameworks */ = {
			isa = PBXFrameworksBuildPhase;
			buildActionMask = 2147483647;
			files = (
			);
			runOnlyForDeploymentPostprocessing = 0;
		};
		486753561AAD838F0044C228 /* Frameworks */ = {
			isa = PBXFrameworksBuildPhase;
			buildActionMask = 2147483647;
			files = (
			);
			runOnlyForDeploymentPostprocessing = 0;
		};
/* End PBXFrameworksBuildPhase section */

/* Begin PBXGroup section */
		486753371AAD838E0044C228 = {
			isa = PBXGroup;
			children = (
				486753421AAD838F0044C228 /* WorkingWithGithubReositry */,
				4867535C1AAD838F0044C228 /* WorkingWithGithubReositryTests */,
				486753411AAD838F0044C228 /* Products */,
			);
			sourceTree = "<group>";
		};
		486753411AAD838F0044C228 /* Products */ = {
			isa = PBXGroup;
			children = (
				486753401AAD838F0044C228 /* WorkingWithGithubReositry.app */,
				486753591AAD838F0044C228 /* WorkingWithGithubReositryTests.xctest */,
			);
			name = Products;
			sourceTree = "<group>";
		};
		486753421AAD838F0044C228 /* WorkingWithGithubReositry */ = {
			isa = PBXGroup;
			children = (
				486753471AAD838F0044C228 /* AppDelegate.h */,
				486753481AAD838F0044C228 /* AppDelegate.m */,
				4867534A1AAD838F0044C228 /* ViewController.h */,
				4867534B1AAD838F0044C228 /* ViewController.m */,
				4867534D1AAD838F0044C228 /* Main.storyboard */,
				4867539B1AADAABC0044C228 /* cloud_small.png */,
				486753501AAD838F0044C228 /* Images.xcassets */,
				486753521AAD838F0044C228 /* LaunchScreen.xib */,
				486753431AAD838F0044C228 /* Supporting Files */,
			);
			path = WorkingWithGithubReositry;
			sourceTree = "<group>";
		};
		486753431AAD838F0044C228 /* Supporting Files */ = {
			isa = PBXGroup;
			children = (
				486753441AAD838F0044C228 /* Info.plist */,
				486753451AAD838F0044C228 /* main.m */,
			);
			name = "Supporting Files";
			sourceTree = "<group>";
		};
		4867535C1AAD838F0044C228 /* WorkingWithGithubReositryTests */ = {
			isa = PBXGroup;
			children = (
				4867535F1AAD838F0044C228 /* WorkingWithGithubReositryTests.m */,
				4867535D1AAD838F0044C228 /* Supporting Files */,
			);
			path = WorkingWithGithubReositryTests;
			sourceTree = "<group>";
		};
		4867535D1AAD838F0044C228 /* Supporting Files */ = {
			isa = PBXGroup;
			children = (
				4867535E1AAD838F0044C228 /* Info.plist */,
			);
			name = "Supporting Files";
			sourceTree = "<group>";
		};
/* End PBXGroup section */

/* Begin PBXNativeTarget section */
		4867533F1AAD838E0044C228 /* WorkingWithGithubReositry */ = {
			isa = PBXNativeTarget;
			buildConfigurationList = 486753631AAD838F0044C228 /* Build configuration list for PBXNativeTarget "WorkingWithGithubReositry" */;
			buildPhases = (
				4867533C1AAD838E0044C228 /* Sources */,
				4867533D1AAD838E0044C228 /* Frameworks */,
				4867533E1AAD838E0044C228 /* Resources */,
			);
			buildRules = (
			);
			dependencies = (
			);
			name = WorkingWithGithubReositry;
			productName = WorkingWithGithubReositry;
			productReference = 486753401AAD838F0044C228 /* WorkingWithGithubReositry.app */;
			productType = "com.apple.product-type.application";
		};
		486753581AAD838F0044C228 /* WorkingWithGithubReositryTests */ = {
			isa = PBXNativeTarget;
			buildConfigurationList = 486753661AAD838F0044C228 /* Build configuration list for PBXNativeTarget "WorkingWithGithubReositryTests" */;
			buildPhases = (
				486753551AAD838F0044C228 /* Sources */,
				486753561AAD838F0044C228 /* Frameworks */,
				486753571AAD838F0044C228 /* Resources */,
			);
			buildRules = (
			);
			dependencies = (
				4867535B1AAD838F0044C228 /* PBXTargetDependency */,
			);
			name = WorkingWithGithubReositryTests;
			productName = WorkingWithGithubReositryTests;
			productReference = 486753591AAD838F0044C228 /* WorkingWithGithubReositryTests.xctest */;
			productType = "com.apple.product-type.bundle.unit-test";
		};
/* End PBXNativeTarget section */

/* Begin PBXProject section */
		486753381AAD838E0044C228 /* Project object */ = {
			isa = PBXProject;
			attributes = {
				LastUpgradeCheck = 0610;
				ORGANIZATIONNAME = ImpigerTechnologies;
				TargetAttributes = {
					4867533F1AAD838E0044C228 = {
						CreatedOnToolsVersion = 6.1;
					};
					486753581AAD838F0044C228 = {
						CreatedOnToolsVersion = 6.1;
						TestTargetID = 4867533F1AAD838E0044C228;
					};
				};
			};
			buildConfigurationList = 4867533B1AAD838E0044C228 /* Build configuration list for PBXProject "WorkingWithGithubReositry" */;
			compatibilityVersion = "Xcode 3.2";
			developmentRegion = English;
			hasScannedForEncodings = 0;
			knownRegions = (
				en,
				Base,
			);
			mainGroup = 486753371AAD838E0044C228;
			productRefGroup = 486753411AAD838F0044C228 /* Products */;
			projectDirPath = "";
			projectRoot = "";
			targets = (
				4867533F1AAD838E0044C228 /* WorkingWithGithubReositry */,
				486753581AAD838F0044C228 /* WorkingWithGithubReositryTests */,
			);
		};
/* End PBXProject section */

/* Begin PBXResourcesBuildPhase section */
		4867533E1AAD838E0044C228 /* Resources */ = {
			isa = PBXResourcesBuildPhase;
			buildActionMask = 2147483647;
			files = (
				4867534F1AAD838F0044C228 /* Main.storyboard in Resources */,
				4867539C1AADAABC0044C228 /* cloud_small.png in Resources */,
				486753541AAD838F0044C228 /* LaunchScreen.xib in Resources */,
				486753511AAD838F0044C228 /* Images.xcassets in Resources */,
			);
			runOnlyForDeploymentPostprocessing = 0;
		};
		486753571AAD838F0044C228 /* Resources */ = {
			isa = PBXResourcesBuildPhase;
			buildActionMask = 2147483647;
			files = (
			);
			runOnlyForDeploymentPostprocessing = 0;
		};
/* End PBXResourcesBuildPhase section */

/* Begin PBXSourcesBuildPhase section */
		4867533C1AAD838E0044C228 /* Sources */ = {
			isa = PBXSourcesBuildPhase;
			buildActionMask = 2147483647;
			files = (
				4867534C1AAD838F0044C228 /* ViewController.m in Sources */,
				486753491AAD838F0044C228 /* AppDelegate.m in Sources */,
				486753461AAD838F0044C228 /* main.m in Sources */,
			);
			runOnlyForDeploymentPostprocessing = 0;
		};
		486753551AAD838F0044C228 /* Sources */ = {
			isa = PBXSourcesBuildPhase;
			buildActionMask = 2147483647;
			files = (
				486753601AAD838F0044C228 /* WorkingWithGithubReositryTests.m in Sources */,
			);
			runOnlyForDeploymentPostprocessing = 0;
		};
/* End PBXSourcesBuildPhase section */

/* Begin PBXTargetDependency section */
		4867535B1AAD838F0044C228 /* PBXTargetDependency */ = {
			isa = PBXTargetDependency;
			target = 4867533F1AAD838E0044C228 /* WorkingWithGithubReositry */;
			targetProxy = 4867535A1AAD838F0044C228 /* PBXContainerItemProxy */;
		};
/* End PBXTargetDependency section */

/* Begin PBXVariantGroup section */
		4867534D1AAD838F0044C228 /* Main.storyboard */ = {
			isa = PBXVariantGroup;
			children = (
				4867534E1AAD838F0044C228 /* Base */,
			);
			name = Main.storyboard;
			sourceTree = "<group>";
		};
		486753521AAD838F0044C228 /* LaunchScreen.xib */ = {
			isa = PBXVariantGroup;
			children = (
				486753531AAD838F0044C228 /* Base */,
			);
			name = LaunchScreen.xib;
			sourceTree = "<group>";
		};
/* End PBXVariantGroup section */

/* Begin XCBuildConfiguration section */
		486753611AAD838F0044C228 /* Debug */ = {
			isa = XCBuildConfiguration;
			buildSettings = {
				ALWAYS_SEARCH_USER_PATHS = NO;
				CLANG_CXX_LANGUAGE_STANDARD = "gnu++0x";
				CLANG_CXX_LIBRARY = "libc++";
				CLANG_ENABLE_MODULES = YES;
				CLANG_ENABLE_OBJC_ARC = YES;
				CLANG_WARN_BOOL_CONVERSION = YES;
				CLANG_WARN_CONSTANT_CONVERSION = YES;
				CLANG_WARN_DIRECT_OBJC_ISA_USAGE = YES_ERROR;
				CLANG_WARN_EMPTY_BODY = YES;
				CLANG_WARN_ENUM_CONVERSION = YES;
				CLANG_WARN_INT_CONVERSION = YES;
				CLANG_WARN_OBJC_ROOT_CLASS = YES_ERROR;
				CLANG_WARN_UNREACHABLE_CODE = YES;
				CLANG_WARN__DUPLICATE_METHOD_MATCH = YES;
				"CODE_SIGN_IDENTITY[sdk=iphoneos*]" = "iPhone Developer";
				COPY_PHASE_STRIP = NO;
				ENABLE_STRICT_OBJC_MSGSEND = YES;
				GCC_C_LANGUAGE_STANDARD = gnu99;
				GCC_DYNAMIC_NO_PIC = NO;
				GCC_OPTIMIZATION_LEVEL = 0;
				GCC_PREPROCESSOR_DEFINITIONS = (
					"DEBUG=1",
					"$(inherited)",
				);
				GCC_SYMBOLS_PRIVATE_EXTERN = NO;
				GCC_WARN_64_TO_32_BIT_CONVERSION = YES;
				GCC_WARN_ABOUT_RETURN_TYPE = YES_ERROR;
				GCC_WARN_UNDECLARED_SELECTOR = YES;
				GCC_WARN_UNINITIALIZED_AUTOS = YES_AGGRESSIVE;
				GCC_WARN_UNUSED_FUNCTION = YES;
				GCC_WARN_UNUSED_VARIABLE = YES;
				IPHONEOS_DEPLOYMENT_TARGET = 8.1;
				MTL_ENABLE_DEBUG_INFO = YES;
				ONLY_ACTIVE_ARCH = YES;
				SDKROOT = iphoneos;
				TARGETED_DEVICE_FAMILY = "1,2";
			};
			name = Debug;
		};
		486753621AAD838F0044C228 /* Release */ = {
			isa = XCBuildConfiguration;
			buildSettings = {
				ALWAYS_SEARCH_USER_PATHS = NO;
				CLANG_CXX_LANGUAGE_STANDARD = "gnu++0x";
				CLANG_CXX_LIBRARY = "libc++";
				CLANG_ENABLE_MODULES = YES;
				CLANG_ENABLE_OBJC_ARC = YES;
				CLANG_WARN_BOOL_CONVERSION = YES;
				CLANG_WARN_CONSTANT_CONVERSION = YES;
				CLANG_WARN_DIRECT_OBJC_ISA_USAGE = YES_ERROR;
				CLANG_WARN_EMPTY_BODY = YES;
				CLANG_WARN_ENUM_CONVERSION = YES;
				CLANG_WARN_INT_CONVERSION = YES;
				CLANG_WARN_OBJC_ROOT_CLASS = YES_ERROR;
				CLANG_WARN_UNREACHABLE_CODE = YES;
				CLANG_WARN__DUPLICATE_METHOD_MATCH = YES;
				"CODE_SIGN_IDENTITY[sdk=iphoneos*]" = "iPhone Developer";
				COPY_PHASE_STRIP = YES;
				ENABLE_NS_ASSERTIONS = NO;
				ENABLE_STRICT_OBJC_MSGSEND = YES;
				GCC_C_LANGUAGE_STANDARD = gnu99;
				GCC_WARN_64_TO_32_BIT_CONVERSION = YES;
				GCC_WARN_ABOUT_RETURN_TYPE = YES_ERROR;
				GCC_WARN_UNDECLARED_SELECTOR = YES;
				GCC_WARN_UNINITIALIZED_AUTOS = YES_AGGRESSIVE;
				GCC_WARN_UNUSED_FUNCTION = YES;
				GCC_WARN_UNUSED_VARIABLE = YES;
				IPHONEOS_DEPLOYMENT_TARGET = 8.1;
				MTL_ENABLE_DEBUG_INFO = NO;
				SDKROOT = iphoneos;
				TARGETED_DEVICE_FAMILY = "1,2";
				VALIDATE_PRODUCT = YES;
			};
			name = Release;
		};
		486753641AAD838F0044C228 /* Debug */ = {
			isa = XCBuildConfiguration;
			buildSettings = {
				ASSETCATALOG_COMPILER_APPICON_NAME = AppIcon;
				INFOPLIST_FILE = WorkingWithGithubReositry/Info.plist;
				LD_RUNPATH_SEARCH_PATHS = "$(inherited) @executable_path/Frameworks";
				PRODUCT_NAME = "$(TARGET_NAME)";
			};
			name = Debug;
		};
		486753651AAD838F0044C228 /* Release */ = {
			isa = XCBuildConfiguration;
			buildSettings = {
				ASSETCATALOG_COMPILER_APPICON_NAME = AppIcon;
				INFOPLIST_FILE = WorkingWithGithubReositry/Info.plist;
				LD_RUNPATH_SEARCH_PATHS = "$(inherited) @executable_path/Frameworks";
				PRODUCT_NAME = "$(TARGET_NAME)";
			};
			name = Release;
		};
		486753671AAD838F0044C228 /* Debug */ = {
			isa = XCBuildConfiguration;
			buildSettings = {
				BUNDLE_LOADER = "$(TEST_HOST)";
				FRAMEWORK_SEARCH_PATHS = (
					"$(SDKROOT)/Developer/Library/Frameworks",
					"$(inherited)",
				);
				GCC_PREPROCESSOR_DEFINITIONS = (
					"DEBUG=1",
					"$(inherited)",
				);
				INFOPLIST_FILE = WorkingWithGithubReositryTests/Info.plist;
				LD_RUNPATH_SEARCH_PATHS = "$(inherited) @executable_path/Frameworks @loader_path/Frameworks";
				PRODUCT_NAME = "$(TARGET_NAME)";
				TEST_HOST = "$(BUILT_PRODUCTS_DIR)/WorkingWithGithubReositry.app/WorkingWithGithubReositry";
			};
			name = Debug;
		};
		486753681AAD838F0044C228 /* Release */ = {
			isa = XCBuildConfiguration;
			buildSettings = {
				BUNDLE_LOADER = "$(TEST_HOST)";
				FRAMEWORK_SEARCH_PATHS = (
					"$(SDKROOT)/Developer/Library/Frameworks",
					"$(inherited)",
				);
				INFOPLIST_FILE = WorkingWithGithubReositryTests/Info.plist;
				LD_RUNPATH_SEARCH_PATHS = "$(inherited) @executable_path/Frameworks @loader_path/Frameworks";
				PRODUCT_NAME = "$(TARGET_NAME)";
				TEST_HOST = "$(BUILT_PRODUCTS_DIR)/WorkingWithGithubReositry.app/WorkingWithGithubReositry";
			};
			name = Release;
		};
/* End XCBuildConfiguration section */

/* Begin XCConfigurationList section */
		4867533B1AAD838E0044C228 /* Build configuration list for PBXProject "WorkingWithGithubReositry" */ = {
			isa = XCConfigurationList;
			buildConfigurations = (
				486753611AAD838F0044C228 /* Debug */,
				486753621AAD838F0044C228 /* Release */,
			);
			defaultConfigurationIsVisible = 0;
			defaultConfigurationName = Release;
		};
		486753631AAD838F0044C228 /* Build configuration list for PBXNativeTarget "WorkingWithGithubReositry" */ = {
			isa = XCConfigurationList;
			buildConfigurations = (
				486753641AAD838F0044C228 /* Debug */,
				486753651AAD838F0044C228 /* Release */,
			);
			defaultConfigurationIsVisible = 0;
		};
		486753661AAD838F0044C228 /* Build configuration list for PBXNativeTarget "WorkingWithGithubReositryTests" */ = {
			isa = XCConfigurationList;
			buildConfigurations = (
				486753671AAD838F0044C228 /* Debug */,
				486753681AAD838F0044C228 /* Release */,
			);
			defaultConfigurationIsVisible = 0;
		};
/* End XCConfigurationList section */
	};
	rootObject = 486753381AAD838E0044C228 /* Project object */;
}
